
Microsoft Visual Studio Solution File, Format Version 12.00
# Visual Studio Version 16
VisualStudioVersion = 16.0.33927.289
MinimumVisualStudioVersion = 10.0.40219.1
Project("{FAE04EC0-301F-11D3-BF4B-00C04F79EFBC}") = "Calc_HoXuanDai", "Calc_HoXuanDai\Calc_HoXuanDai.csproj", "{5AF995C1-5925-41AA-A372-2A6E1DF8E3AE}"
EndProject
Global
	GlobalSection(SolutionConfigurationPlatforms) = preSolution
		Debug|Any CPU = Debug|Any CPU
		Release|Any CPU = Release|Any CPU
	EndGlobalSection
	GlobalSection(ProjectConfigurationPlatforms) = postSolution
		{5AF995C1-5925-41AA-A372-2A6E1DF8E3AE}.Debug|Any CPU.ActiveCfg = Debug|Any CPU
		{5AF995C1-5925-41AA-A372-2A6E1DF8E3AE}.Debug|Any CPU.Build.0 = Debug|Any CPU
		{5AF995C1-5925-41AA-A372-2A6E1DF8E3AE}.Release|Any CPU.ActiveCfg = Release|Any CPU
		{5AF995C1-5925-41AA-A372-2A6E1DF8E3AE}.Release|Any CPU.Build.0 = Release|Any CPU
	EndGlobalSection
	GlobalSection(SolutionProperties) = preSolution
		HideSolutionNode = FALSE
	EndGlobalSection
	GlobalSection(ExtensibilityGlobals) = postSolution
		SolutionGuid = {5C27F1EC-F0BE-4412-A43B-1106C053E913}
	EndGlobalSection
EndGlobal
